
Microsoft Visual Studio Solution File, Format Version 12.00
# Visual Studio Version 17
VisualStudioVersion = 17.8.34511.84
MinimumVisualStudioVersion = 10.0.40219.1
Project("{FAE04EC0-301F-11D3-BF4B-00C04F79EFBC}") = "ConsoleApp1", "ConsoleApp1\ConsoleApp1.csproj", "{1521D129-A0EA-4695-896A-0D026DFD3847}"
EndProject
Global
	GlobalSection(SolutionConfigurationPlatforms) = preSolution
		Debug|Any CPU = Debug|Any CPU
		Release|Any CPU = Release|Any CPU
	EndGlobalSection
	GlobalSection(ProjectConfigurationPlatforms) = postSolution
		{1521D129-A0EA-4695-896A-0D026DFD3847}.Debug|Any CPU.ActiveCfg = Debug|Any CPU
		{1521D129-A0EA-4695-896A-0D026DFD3847}.Debug|Any CPU.Build.0 = Debug|Any CPU
		{1521D129-A0EA-4695-896A-0D026DFD3847}.Release|Any CPU.ActiveCfg = Release|Any CPU
		{1521D129-A0EA-4695-896A-0D026DFD3847}.Release|Any CPU.Build.0 = Release|Any CPU
	EndGlobalSection
	GlobalSection(SolutionProperties) = preSolution
		HideSolutionNode = FALSE
	EndGlobalSection
	GlobalSection(ExtensibilityGlobals) = postSolution
		SolutionGuid = {5A2227B8-C7A4-4760-B559-E03A3DE9E376}
	EndGlobalSection
EndGlobal
